<?xml version="1.0" encoding="utf-8"?>
<Project ToolsVersion="18.0" xmlns="http://schemas.microsoft.com/developer/msbuild/2003">
  <ItemGroup>
    <ClCompile Include="D:\Projects\C++\UDF\g723_1_mod\DECOD2.c">
      <Filter>Source Files</Filter>
    </ClCompile>
    <ClCompile Include="D:\Projects\C++\UDF\g723_1_mod\DECCNG2.c">
      <Filter>Source Files</Filter>
    </ClCompile>
    <ClCompile Include="D:\Projects\C++\UDF\g723_1_mod\EXC2.c">
      <Filter>Source Files</Filter>
    </ClCompile>
    <ClCompile Include="D:\Projects\C++\UDF\g723_1_mod\LPC2.c">
      <Filter>Source Files</Filter>
    </ClCompile>
    <ClCompile Include="D:\Projects\C++\UDF\g723_1_mod\LSP2.c">
      <Filter>Source Files</Filter>
    </ClCompile>
    <ClCompile Include="D:\Projects\C++\UDF\g723_1_mod\TAB2.c">
      <Filter>Source Files</Filter>
    </ClCompile>
    <ClCompile Include="D:\Projects\C++\UDF\g723_1_mod\UTIL2.c">
      <Filter>Source Files</Filter>
    </ClCompile>
    <ClCompile Include="D:\Projects\C++\UDF\g723_1_mod\UTILCNG2.c">
      <Filter>Source Files</Filter>
    </ClCompile>
    <ClCompile Include="D:\Projects\C++\UDF\g723_1_mod\g723_globals.c">
      <Filter>Source Files</Filter>
    </ClCompile>
  </ItemGroup>
  <ItemGroup>
    <CustomBuild Include="D:\Projects\C++\UDF\CMakeLists.txt" />
  </ItemGroup>
  <ItemGroup>
    <Filter Include="Source Files">
      <UniqueIdentifier>{51CEC7B4-5D5E-3918-A3D3-95CF623766FE}</UniqueIdentifier>
    </Filter>
  </ItemGroup>
</Project>
